
Microsoft Visual Studio Solution File, Format Version 12.00
# Visual Studio Version 16
VisualStudioVersion = 16.0.32413.511
MinimumVisualStudioVersion = 10.0.40219.1
Project("{FAE04EC0-301F-11D3-BF4B-00C04F79EFBC}") = "ElasticsearchSample.Entities", "ElasticsearchSample.Entities\ElasticsearchSample.Entities.csproj", "{D86CBFC3-0341-4F02-81E2-C0EB0F35A9DD}"
EndProject
Project("{FAE04EC0-301F-11D3-BF4B-00C04F79EFBC}") = "ElasticsearchSample.DataAccess", "ElasticsearchSample.DataAccess\ElasticsearchSample.DataAccess.csproj", "{EDD55C38-6F75-425C-911C-8B901B032115}"
EndProject
Project("{FAE04EC0-301F-11D3-BF4B-00C04F79EFBC}") = "ElasticsearchSample.Business", "ElasticsearchSample.Business\ElasticsearchSample.Business.csproj", "{1300E5BF-DACB-4CC1-A769-00C3CFEE9EB0}"
EndProject
Project("{FAE04EC0-301F-11D3-BF4B-00C04F79EFBC}") = "ElasticsearchSample.Core", "ElasticsearchSample.Core\ElasticsearchSample.Core.csproj", "{983EB081-F94F-4915-9C16-AB24B21614EE}"
EndProject
Project("{FAE04EC0-301F-11D3-BF4B-00C04F79EFBC}") = "ElasticsearchSample.Api", "ElasticsearchSample.Api\ElasticsearchSample.Api.csproj", "{1FADC62D-0B23-47A0-830E-F8374994FBDA}"
EndProject
Global
	GlobalSection(SolutionConfigurationPlatforms) = preSolution
		Debug|Any CPU = Debug|Any CPU
		Release|Any CPU = Release|Any CPU
	EndGlobalSection
	GlobalSection(ProjectConfigurationPlatforms) = postSolution
		{D86CBFC3-0341-4F02-81E2-C0EB0F35A9DD}.Debug|Any CPU.ActiveCfg = Debug|Any CPU
		{D86CBFC3-0341-4F02-81E2-C0EB0F35A9DD}.Debug|Any CPU.Build.0 = Debug|Any CPU
		{D86CBFC3-0341-4F02-81E2-C0EB0F35A9DD}.Release|Any CPU.ActiveCfg = Release|Any CPU
		{D86CBFC3-0341-4F02-81E2-C0EB0F35A9DD}.Release|Any CPU.Build.0 = Release|Any CPU
		{EDD55C38-6F75-425C-911C-8B901B032115}.Debug|Any CPU.ActiveCfg = Debug|Any CPU
		{EDD55C38-6F75-425C-911C-8B901B032115}.Debug|Any CPU.Build.0 = Debug|Any CPU
		{EDD55C38-6F75-425C-911C-8B901B032115}.Release|Any CPU.ActiveCfg = Release|Any CPU
		{EDD55C38-6F75-425C-911C-8B901B032115}.Release|Any CPU.Build.0 = Release|Any CPU
		{1300E5BF-DACB-4CC1-A769-00C3CFEE9EB0}.Debug|Any CPU.ActiveCfg = Debug|Any CPU
		{1300E5BF-DACB-4CC1-A769-00C3CFEE9EB0}.Debug|Any CPU.Build.0 = Debug|Any CPU
		{1300E5BF-DACB-4CC1-A769-00C3CFEE9EB0}.Release|Any CPU.ActiveCfg = Release|Any CPU
		{1300E5BF-DACB-4CC1-A769-00C3CFEE9EB0}.Release|Any CPU.Build.0 = Release|Any CPU
		{983EB081-F94F-4915-9C16-AB24B21614EE}.Debug|Any CPU.ActiveCfg = Debug|Any CPU
		{983EB081-F94F-4915-9C16-AB24B21614EE}.Debug|Any CPU.Build.0 = Debug|Any CPU
		{983EB081-F94F-4915-9C16-AB24B21614EE}.Release|Any CPU.ActiveCfg = Release|Any CPU
		{983EB081-F94F-4915-9C16-AB24B21614EE}.Release|Any CPU.Build.0 = Release|Any CPU
		{1FADC62D-0B23-47A0-830E-F8374994FBDA}.Debug|Any CPU.ActiveCfg = Debug|Any CPU
		{1FADC62D-0B23-47A0-830E-F8374994FBDA}.Debug|Any CPU.Build.0 = Debug|Any CPU
		{1FADC62D-0B23-47A0-830E-F8374994FBDA}.Release|Any CPU.ActiveCfg = Release|Any CPU
		{1FADC62D-0B23-47A0-830E-F8374994FBDA}.Release|Any CPU.Build.0 = Release|Any CPU
	EndGlobalSection
	GlobalSection(SolutionProperties) = preSolution
		HideSolutionNode = FALSE
	EndGlobalSection
	GlobalSection(ExtensibilityGlobals) = postSolution
		SolutionGuid = {D335BE5A-E109-4DA0-87D3-19BFF8A5CB78}
	EndGlobalSection
EndGlobal
